
Microsoft Visual Studio Solution File, Format Version 12.00
# Visual Studio Version 17
VisualStudioVersion = 17.5.33530.505
MinimumVisualStudioVersion = 10.0.40219.1
Project("{8BC9CEB8-8B4A-11D0-8D11-00A0C91BC942}") = "tetoris", "tetoris\tetoris.vcxproj", "{6EE2B4C2-3BBB-445C-A320-9DDA149C83D0}"
EndProject
Global
	GlobalSection(SolutionConfigurationPlatforms) = preSolution
		Debug|x64 = Debug|x64
		Debug|x86 = Debug|x86
		Release|x64 = Release|x64
		Release|x86 = Release|x86
	EndGlobalSection
	GlobalSection(ProjectConfigurationPlatforms) = postSolution
		{6EE2B4C2-3BBB-445C-A320-9DDA149C83D0}.Debug|x64.ActiveCfg = Debug|x64
		{6EE2B4C2-3BBB-445C-A320-9DDA149C83D0}.Debug|x64.Build.0 = Debug|x64
		{6EE2B4C2-3BBB-445C-A320-9DDA149C83D0}.Debug|x86.ActiveCfg = Debug|Win32
		{6EE2B4C2-3BBB-445C-A320-9DDA149C83D0}.Debug|x86.Build.0 = Debug|Win32
		{6EE2B4C2-3BBB-445C-A320-9DDA149C83D0}.Release|x64.ActiveCfg = Release|x64
		{6EE2B4C2-3BBB-445C-A320-9DDA149C83D0}.Release|x64.Build.0 = Release|x64
		{6EE2B4C2-3BBB-445C-A320-9DDA149C83D0}.Release|x86.ActiveCfg = Release|Win32
		{6EE2B4C2-3BBB-445C-A320-9DDA149C83D0}.Release|x86.Build.0 = Release|Win32
	EndGlobalSection
	GlobalSection(SolutionProperties) = preSolution
		HideSolutionNode = FALSE
	EndGlobalSection
	GlobalSection(ExtensibilityGlobals) = postSolution
		SolutionGuid = {BE1E2810-CC05-4FD7-B043-CF7212425BF3}
	EndGlobalSection
EndGlobal
